// SKO_Generator.sln - SKO Formulation Equation Generator
//
// This slnDF file specifies the SKO equation composition generator.
// When executed by the slnDFInterpreter, it transforms a p-model
// into a p-model+ by adding datatypes, functions, variables, and equations
// according to Jain's Spatial Kernel Operator (SKO) formulation.

Solution SKO_Generator {
    datatypes {
        // P-model types (mapped from EMF metamodel at runtime)
        PModel { links: seq(Link); joints: seq(Joint); name: String };
        Link { name: String; index: int; bodies: seq(Body); actuators: seq(Actuator); def: LinkDef; joints: seq(Joint) };
        LinkDef { inertial: Inertial };
        Joint { name: String; geometry: Geom; axis: vec(3); def: JointDef };
        JointDef { locals: seq(VariableList) };
        Body { name: String; def: BodyDef };
        BodyDef { inertial: Inertial; geometry: Geometry };
        Actuator { name: String; def: ActuatorDef };
        ActuatorDef { constants: seq(VariableList); name: String };
        VariableList { vars: seq(Variable) };
        Variable { name: String };
        Inertial { mass: real; inertia: Inertia; pose: Pose };
        Inertia { ixx: real; ixy: real; ixz: real; iyy: real; iyz: real; izz: real };
        Pose { x: real; y: real; z: real; roll: real; pitch: real; yaw: real };
        Geometry { length: real; radius: real; x: real; y: real; z: real };
        Geom { R: mat(3,3); p: vec(3) }
    }

    state {
        pmodel: PModel;
        n: int = 0;
        linkNum: int = 0;
        numControlledActuators: int = 0;
        numActuatorsInLink: int = 0;
        actIdx: int = 0;
        currentLink: Link;
        currentJoint: Joint;
        jointIndexCounter: int = 0;
        currentActuator: Actuator;
        currentActuatorDef: ActuatorDef;
        numConstLists: int = 0;
        numVars: int = 0;
        currentConstList: VariableList;
        currentVar: Variable;
        hasB_ctrl: bool = false;

        // Computed inertial values
        currentBody: Body;
        currentBodyDef: BodyDef;
        currentInertial: Inertial;
        currentInertia: Inertia;
        numBodies: int = 0;
        mass: real = 0.0;
        ixx: real = 0.0;
        ixy: real = 0.0;
        ixz: real = 0.0;
        iyy: real = 0.0;
        iyz: real = 0.0;
        izz: real = 0.0;
        cz: real = 0.0;
        halfHeight: real = 0.0;
        geomRadius: real = 0.0;

        // Pose values for constraint computation
        poseX: real = 0.0;
        poseY: real = 0.0;
        poseZ: real = 0.0;
        poseRoll: real = 0.0;
        posePitch: real = 0.0;
        poseYaw: real = 0.0;
        parentZ: real = 0.0;
        parentHalfHeight: real = 0.0;

        // String builders for initial values
        massStr: String = "0.0";
        inertiaStr: String = "[|0,0,0;0,0,0;0,0,0|]";
        cVecStr: String = "[|0.0,0.0,0.0|]";
        spatialInertiaStr: String = "[|0,0,0,0,0,0;0,0,0,0,0,0;0,0,0,0,0,0;0,0,0,0,0,0;0,0,0,0,0,0;0,0,0,0,0,0|]";
        geomTypeStr: String = "box";
        geomVarName: String = "";
        geomVal: seq(real);
        poseVec: seq(real);
        bMatStr: String = "";
        tGeomStr: String = "";
        tOffsetStr: String = "";
        xtStr: String = "";
    }

    procedures {
        // Compute halfHeight and radius from geometry type and values
        // Box: z/2, Cylinder: length/2, Sphere: radius
        // For cylinders, also store radius for T_offset computation
        procedure computeHalfHeight(val gType: String, val gVal: seq(real)) {
            if (gType == "box") {
                halfHeight = gVal[2] / 2.0;
                geomRadius = 0.0;
            } else {
                if (gType == "cylinder") {
                    halfHeight = gVal[1] / 2.0;
                    geomRadius = gVal[0];
                } else {
                    if (gType == "sphere") {
                        halfHeight = gVal[0];
                        geomRadius = 0.0;
                    } else {
                        halfHeight = 0.0;
                        geomRadius = 0.0;
                    };
                };
            };
        }

        // Create initial value constraint for B_k (joint frame transformation)
        procedure createBConstraint(val link: Link, val k: int, val z: real, val halfH: real) {
            // B_k is the joint frame which is at the bottom of the link (z - halfHeight)
            jointZ: real = z - halfH;
            // For identity rotation (no roll/pitch/yaw), the transformation is just translation
            bMatStr = "[|1.000000,0.000000,0.000000,0.000000;0.000000,1.000000,0.000000,0.000000;-0.000000,0.000000,1.000000," + jointZ + ";0,0,0,1|]";
            createConstraint(link, "(B_" + k + ")[t==0]==" + bMatStr);
        }

        // Create T_geom constraint (body center frame - full pose z)
        procedure createTGeomConstraint(val link: Link, val k: int, val z: real) {
            tGeomStr = "[|1.000000,0.000000,0.000000,0.000000;0.000000,1.000000,0.000000,0.000000;-0.000000,0.000000,1.000000," + z + ";0,0,0,1|]";
            createConstraint(link, "(T_geom_" + k + ")[t==0]==" + tGeomStr);
        }

        // Create T_offset constraint (joint-to-body offset)
        // T_offset z value comes from the link's pose z, which specifies
        // the offset from the joint frame to the body center of mass
        // Negative z indicates the body hangs below the joint (gravity-driven)
        procedure createTOffsetConstraint(val link: Link, val k: int, val z: real) {
            // Use link pose z directly - model specifies the joint-to-COM offset
            tOffsetStr = "[|1.0,0.0,0.0,0.0;0.0,1.0,0.0,0.0;0.0,0.0,1.0," + z + ";0,0,0,1|]";
            createConstraint(link, "(T_offset_" + k + ")[t==0]==" + tOffsetStr);
        }

        // Create X_T constraint (6x6 spatial transform)
        procedure createXTConstraint(val link: Link, val k: int, val parentHH: real) {
            // X_T is identity for base link, or has offset for child links
            // For serial chain with vertical stacking, offset is parent's full length (2 * parentHalfHeight)
            if (k == n) {
                // Base link: identity transform
                xtStr = "[|1,0,0,0,0,0;0,1,0,0,0,0;0,0,1,0,0,0;0,0,0,1,0,0;0,0,0,0,1,0;0,0,0,0,0,1|]";
            } else {
                // Child links: spatial transform with translation offset
                // The offset is the parent link's full length (2 * halfHeight)
                offset: real = 2.0 * parentHH;
                // For hanging links, translation is DOWN (negative z): p = [0, 0, -offset]
                // Spatial transform: [R 0; [p×]R R] where p× is skew of p
                // skew([0,0,-offset]) = [[0,offset,0],[-offset,0,0],[0,0,0]]
                // X_T lower-left block: [3,1] = -offset, [4,0] = +offset
                negOffset: real = 0.0 - offset;
                xtStr = "[|1,0,0,0,0,0;0,1,0,0,0,0;0,0,1,0,0,0;0," + negOffset + ",-0.000000,1,0,0;" + offset + ",0,0.000000,0,1,0;0.000000,-0.000000,0,0,0,1|]";
            };
            createConstraint(link, "(X_T_" + k + ")[t==0]==" + xtStr);
        }

        // Create mass matrix traceability equations
        procedure createMassMatrixEquations(val link: Link, val k: int) {
            createEquation(link, "submatrix(M_" + k + ")(0,0,3,3) == I_C_" + k +
                " + m_" + k + " * transpose(skew(c_" + k + ")) * skew(c_" + k + ")");
            createEquation(link, "submatrix(M_" + k + ")(0,3,3,3) == m_" + k +
                " * transpose(skew(c_" + k + "))");
            createEquation(link, "submatrix(M_" + k + ")(3,0,3,3) == -m_" + k +
                " * skew(c_" + k + ")");
            createEquation(link, "submatrix(M_" + k + ")(3,3,3,3) == m_" + k +
                " * identity(3)");
        }

        // Create B_ctrl system variables for controlled actuators
        procedure createB_ctrlSystemVariables(val numJoints: int, val numActuators: int) {
            addInOut(pmodel, "B_ctrl", "mat(" + numJoints + "," + numActuators + ")");
            addInOut(pmodel, "u", "vec(" + numActuators + ")");
        }

        // Create B_ctrl system equation
        procedure createB_ctrlEquation() {
            createEquation(pmodel, "tau == B_ctrl * u");
        }

        // Create B_ctrl composition constraint
        procedure createB_ctrlConstraint(val linkName: String, val actuatorName: String,
                                         val jointIdx: int, val actIdx: int) {
            createConstraint(pmodel, "(submatrix(B_ctrl)(" + jointIdx + "," + actIdx +
                ",1,1))[t==0] == " + linkName + "." + actuatorName + ".B_ctrl");
        }
    }

    // ==========================================================================
    // PRIMITIVE OPERATIONS (MetaOperations.xtend)
    // These are implemented in the interpreter runtime, not in this .sln file.
    // Declarations here are required for the slnDF parser.
    // ==========================================================================
    functions {
        // EMF Model Modification
        function createVariable(ctx: PModel, name: String, type: String, initial: String): int {}
        function createConstant(ctx: PModel, name: String, value: String): int {}
        function createEquation(ctx: PModel, expr: String): int {}
        function createConstraint(ctx: PModel, expr: String): int {}
        function createRelation(ctx: PModel, expr: String): int {}
        function createFlexiRelation(ctx: PModel, expr: String): int {}
        function addInOut(ctx: PModel, name: String, type: String): int {}
        function addInput(ctx: PModel, name: String, type: String): int {}
        function addGeomVariable(ctx: Link, name: String, body: Body): int {}
        function createDatatype(ctx: PModel, name: String, fields: String): int {}
        function createFunction(ctx: PModel, name: String, params: String, retType: String): int {}

        // Collection utilities
        function length(items: seq(Link)): int {}
        function length(items: seq(Joint)): int {}
        function length(items: seq(Actuator)): int {}
        function length(items: seq(VariableList)): int {}
        function length(items: seq(Variable)): int {}
        function length(items: seq(Body)): int {}

        // EMF Data Accessors
        function getVariable(ctx: Link, name: String): real {}
        function getVariable(ctx: Joint, name: String): real {}
        function evaluateExpression(expr: real): real {}
    }

    computation {
        n = length(pmodel.links);

        // ===== Step 1: Define Datatypes and Functions =====
        createDatatype(pmodel, "Geom", "geomType: string; geomVal: vec(); meshUri: string; meshScale: vec()");
        createFunction(pmodel, "identity", "size: real", "mat(3,3)");
        createFunction(pmodel, "zeroes", "size: real", "mat(3,3)");
        createFunction(pmodel, "Phi", "m: real, n: real, B_k: Seq(mat(4,4))", "mat(6,6)");
        createFunction(pmodel, "zeroVec", "a: real", "vec(1)");
        createFunction(pmodel, "zeroMat", "a: real, b: real", "mat(0,0)");
        createFunction(pmodel, "skew", "v: vec(3)", "mat(3,3)");
        createFunction(pmodel, "getFramePosition", "k: real, B_n: Seq(mat(4,4))", "vec(3)");

        // ===== Step 2: Define System Variables =====
        createConstant(pmodel, "n", n);
        addInOut(pmodel, "N", "real", "2");
        addInOut(pmodel, "B_k", "Seq(mat(4,4))");
        addInOut(pmodel, "X_J", "Seq(mat(6,6))");
        addInOut(pmodel, "X_T", "Seq(mat(6,6))");
        addInOut(pmodel, "T_geom", "Seq(mat(4,4))");
        addInOut(pmodel, "T_offset", "Seq(mat(4,4))");
        addInOut(pmodel, "V", "vec(18)");
        addInOut(pmodel, "f", "vec(18)");
        addInOut(pmodel, "a", "vec(18)");
        addInOut(pmodel, "b", "vec(18)");
        addInOut(pmodel, "alpha", "vec(18)");
        addInOut(pmodel, "phi", "mat(18,18)");
        addInOut(pmodel, "M", "mat(18,18)");
        addInOut(pmodel, "theta", "vec(2)");
        addInOut(pmodel, "tau", "vec(2)");
        addInOut(pmodel, "C", "vec(2)");
        addInOut(pmodel, "H", "mat(2,18)");
        addInOut(pmodel, "M_mass", "mat(2,2)");

        // H_k variables at system level
        for (k: int in range(1, n, 1)) {
            addInOut(pmodel, "H_" + k, "mat(1,6)");
        };

        // ===== Step 3: Component Equations =====
        // First pass: Declare variables
        for (idx: int in range(0, n, 1)) {
            currentLink = pmodel.links[idx];
            linkNum = getVariable(currentLink, "number");

            // Read inertial properties from first body
            numBodies = length(currentLink.bodies);
            if (numBodies > 0) {
                currentBody = currentLink.bodies[0];
                currentBodyDef = currentBody.def;
                currentInertial = currentBodyDef.inertial;
                currentInertia = currentInertial.inertia;
                mass = evaluateExpression(currentInertial.mass);
                ixx = evaluateExpression(currentInertia.ixx);
                ixy = evaluateExpression(currentInertia.ixy);
                ixz = evaluateExpression(currentInertia.ixz);
                iyy = evaluateExpression(currentInertia.iyy);
                iyz = evaluateExpression(currentInertia.iyz);
                izz = evaluateExpression(currentInertia.izz);

                // Create geometry variable using EMF-aware metaoperation
                geomVarName = "geom_" + linkNum + "1";
                addGeomVariable(currentLink, geomVarName, currentBody);

                // Create link-level geometry variable Lk_geom (combines body geoms for this link)
                addGeomVariable(currentLink, "L" + linkNum + "_geom", currentBody);

                // Access geometry data from created variable and compute halfHeight
                geomTypeStr = getVariable(currentLink, geomVarName + ".geomType");
                geomVal = getVariable(currentLink, geomVarName + ".geomVal");
                computeHalfHeight(geomTypeStr, geomVal);
            } else {
                mass = 1.0;
                ixx = 0.0; ixy = 0.0; ixz = 0.0;
                iyy = 0.0; iyz = 0.0; izz = 0.0;
                halfHeight = 0.0;
                geomTypeStr = "box";
            };

            // cz = -halfHeight for hanging links (body center below link origin)
            // Note: T_offset includes radius for cylinders, but M uses only halfHeight
            // This matches the reference implementation convention
            cz = 0.0 - halfHeight;

            // Format other initial value strings
            massStr = mass;
            inertiaStr = "[|" + ixx + ",0.0,0.0;0.0," + iyy + ",0.0;0.0,0.0," + izz + "|]";
            cVecStr = "[|0.0,0.0,0.0|]";

            // Compute spatial inertia with cz offset (cz is negative for hanging links)
            // M = [[I + m*cz^2*(I-ezez^T), m*cz*ez×], [-m*cz*ez×, m*I]]
            // For c = [0,0,cz] with cz<0: M[0][4] = -m*cz > 0, M[1][3] = m*cz < 0
            // M[0][0] = Ixx + m*cz^2, M[1][1] = Iyy + m*cz^2
            m00: real = ixx + mass * cz * cz;
            m11: real = iyy + mass * cz * cz;
            m04: real = 0.0 - mass * cz;
            m13: real = mass * cz;
            spatialInertiaStr = "[|" + m00 + ",0.0,0.0,0.0," + m04 + ",0.0;" +
                "0.0," + m11 + ",0.0," + m13 + ",0.0,0.0;" +
                "0.0,0.0," + izz + ",0.0,0.0,0.0;" +
                "0.0," + m13 + ",0.0," + mass + ",0.0,0.0;" +
                m04 + ",0.0,0.0,0.0," + mass + ",0.0;" +
                "0.0,0.0,0.0,0.0,0.0," + mass + "|]";

            // Create inertial variables with computed initial values
            addInOut(currentLink, "M_" + linkNum, "mat(6,6)", spatialInertiaStr);
            addInOut(currentLink, "a_" + linkNum, "vec(6)");
            addInOut(currentLink, "b_" + linkNum, "vec(6)");
            addInOut(currentLink, "V_" + linkNum, "vec(6)");
            addInOut(currentLink, "alpha_" + linkNum, "vec(6)");
            addInOut(currentLink, "f_" + linkNum, "vec(6)");
            addInOut(currentLink, "B_" + linkNum, "mat(4,4)");
            addInOut(currentLink, "X_T_" + linkNum, "mat(6,6)");
            addInOut(currentLink, "T_geom_" + linkNum, "mat(4,4)");
            addInOut(currentLink, "T_offset_" + linkNum, "mat(4,4)");
            addInOut(currentLink, "m_" + linkNum, "real", massStr);
            addInOut(currentLink, "I_C_" + linkNum, "mat(3,3)", inertiaStr);
            addInOut(currentLink, "c_" + linkNum, "vec(3)", cVecStr);
            addInOut(currentLink, "cz_" + linkNum, "real", "0.0");

            // Connectivity variables for non-terminal links (linkNum < n, has child)
            if (linkNum < n) {
                addInOut(currentLink, "theta_" + linkNum, "real");
                addInOut(currentLink, "phi_" + (linkNum + 1) + "_" + linkNum, "mat(6,6)");
                addInOut(currentLink, "_V_" + (linkNum + 1), "vec(6)");
                addInOut(currentLink, "_alpha_" + (linkNum + 1), "vec(6)");
                addInOut(currentLink, "_B_" + (linkNum + 1), "mat(4,4)");
                addInOut(currentLink, "T_" + (linkNum + 1) + "_" + linkNum, "mat(4,4)");
            };

            // Connectivity variables for non-base links (linkNum > 1, has parent)
            if (linkNum > 1) {
                addInOut(currentLink, "_f_" + (linkNum - 1), "vec(6)");
                addInOut(currentLink, "phi_" + linkNum + "_" + (linkNum - 1), "mat(6,6)");
            };

            // Joint-related variables for non-terminal links
            if (linkNum < n) {
                addInOut(currentLink, "H_" + linkNum, "mat(1,6)");
                addInOut(currentLink, "X_J_" + linkNum, "mat(6,6)");
                addInOut(currentLink, "r_v" + linkNum, "real", "1");
                addInOut(currentLink, "tau_" + linkNum, "vec(1)");
            };

            // tau for base link (linkNum == n) - only add tau, not the _f_ and phi_ which are already added above
            if (linkNum == n) {
                addInOut(currentLink, "tau_" + linkNum, "vec(1)");
            };

            // Add test input for non-base links
            if (linkNum < n) {
                addInput(currentLink, "test_" + linkNum, "vec(1)");
            };

        };

        // System-level link variables (iterate by link number 1..n for correct ordering)
        for (k: int in range(1, n + 1, 1)) {
            addInOut(pmodel, "B_" + k, "mat(4,4)");
            addInOut(pmodel, "X_T_" + k, "mat(6,6)");
            addInOut(pmodel, "M_" + k, "mat(6,6)");
            addInOut(pmodel, "T_geom_" + k, "mat(4,4)");
            addInOut(pmodel, "T_offset_" + k, "mat(4,4)");
            // r_v and T transform only for non-base links (k < n)
            if (k < n) {
                addInOut(pmodel, "r_v" + k, "real", "1");
                addInOut(pmodel, "T_" + (k + 1) + "_" + k, "mat(4,4)");
            };
        };

        // Add X_J variables at system level
        for (k: int in range(1, n, 1)) {
            addInOut(pmodel, "X_J_" + k, "mat(6,6)");
        };

        // ===== Joint Variables =====
        jointIndexCounter = 0;
        for (idx: int in range(0, n, 1)) {
            currentLink = pmodel.links[idx];
            linkNum = getVariable(currentLink, "number");
            numJoints: int = length(currentLink.joints);

            // Joint variables (for joints connecting this link to child)
            if (numJoints > 0) {
                // Get the joint from the link's joints
                currentJoint = currentLink.joints[0];
                jNum: int = getVariable(currentJoint, "number");

                // Add joint variables
                addInOut(currentJoint, "B_" + jNum, "mat(4,4)");
                addInOut(currentJoint, "B_" + (jNum + 1), "mat(4,4)");
                addInOut(currentJoint, "_B_" + (jNum + 1), "mat(4,4)");
                addInOut(currentJoint, "T_" + (jNum + 1) + "_" + jNum, "mat(4,4)");
                addInOut(currentJoint, "V_" + (jNum + 1), "vec(6)");
                addInOut(currentJoint, "_V_" + (jNum + 1), "vec(6)");
                addInOut(currentJoint, "alpha_" + (jNum + 1), "vec(6)");
                addInOut(currentJoint, "_alpha_" + (jNum + 1), "vec(6)");
                addInOut(currentJoint, "f_" + jNum, "vec(6)");
                addInOut(currentJoint, "r_v" + jNum, "real", "1");
                addInOut(currentJoint, "theta_" + jNum, "real");
                addInOut(currentJoint, "phi_" + (jNum + 1) + "_" + jNum, "mat(6,6)");

                // Joint equations
                createEquation(currentJoint, "_B_" + (jNum + 1) + " == B_" + (jNum + 1));
                createEquation(currentJoint, "_V_" + (jNum + 1) + " == V_" + (jNum + 1));
                createEquation(currentJoint, "_alpha_" + (jNum + 1) + " == alpha_" + (jNum + 1));
                createEquation(currentJoint, "_f_" + jNum + " == f_" + jNum);

                // Joint relation - theta index is jNum - 1 (joint 1 -> theta[0], joint 2 -> theta[1])
                thetaIdx: int = jNum - 1;
                jr1: String = "B_" + (jNum + 1) + " == " + currentJoint.name + " . B_" + (jNum + 1);
                jr2: String = "V_" + (jNum + 1) + " == " + currentJoint.name + " . V_" + (jNum + 1);
                jr3: String = "alpha_" + (jNum + 1) + " == " + currentJoint.name + " . alpha_" + (jNum + 1);
                jr4: String = "theta[" + thetaIdx + "] == " + currentJoint.name + " . theta";
                jr5: String = "H_" + jNum + " == " + currentJoint.name + " . H";
                jr6: String = "X_J_" + jNum + " == " + currentJoint.name + " . XJ";
                jointRelation: String = jr1 + " /\\ " + jr2 + " /\\ " + jr3 + " /\\ " + jr4 + " /\\ " + jr5 + " /\\ " + jr6;
                createRelation(currentJoint, jointRelation);
            };
        };

        // ===== Second Pass: Equations and Constraints =====
        parentHalfHeight = 0.0;
        for (idx: int in range(0, n, 1)) {
            currentLink = pmodel.links[idx];
            linkNum = getVariable(currentLink, "number");

            // Get this link's halfHeight from the created geometry variable
            geomVarName = "geom_" + linkNum + "1";
            geomTypeStr = getVariable(currentLink, geomVarName + ".geomType");
            geomVal = getVariable(currentLink, geomVarName + ".geomVal");
            computeHalfHeight(geomTypeStr, geomVal);

            // Get pose z for B_k constraint computation
            // poseZ is stored in link's poseVec[2]
            // Compute relative z to determine if link hangs below parent

            // Create mass matrix equations
            createMassMatrixEquations(currentLink, linkNum);

            // SKO velocity/force equations - order depends on link type
            if (linkNum < n) {
                // Non-base links: V, alpha, tau, B, then f
                createEquation(currentLink, "V_" + linkNum + " == adj(phi_" + (linkNum + 1) + "_" + linkNum +
                    ") * _V_" + (linkNum + 1) + " + adj(H_" + linkNum + ")+derivative(theta_" + linkNum + ")");
                createEquation(currentLink, "alpha_" + linkNum + " == adj(phi_" + (linkNum + 1) + "_" + linkNum +
                    ") * _alpha_" + (linkNum + 1) + " + adj(H_" + linkNum +
                    ") * derivative(theta_" + linkNum + ") + a_" + linkNum);
                createEquation(currentLink, "tau_" + linkNum + " == H_" + linkNum + " * f_" + linkNum);
                createEquation(currentLink, "B_" + linkNum + " == _B_" + (linkNum + 1) + " * T_" + (linkNum + 1) + "_" + linkNum);
                // Force propagation equation for non-base links
                if (linkNum == 1) {
                    createEquation(currentLink, "f_1 == M_1 * alpha_1 + b_1");
                } else {
                    createEquation(currentLink, "f_" + linkNum + " == phi_" + linkNum + "_" + (linkNum - 1) +
                        " * _f_" + (linkNum - 1) + " + M_" + linkNum + " * alpha_" + linkNum + " + b_" + linkNum);
                };
            } else {
                // Base link: f first, then V, alpha (to match expected output)
                createEquation(currentLink, "f_" + linkNum + " == phi_" + linkNum + "_" + (linkNum - 1) +
                    " * _f_" + (linkNum - 1) + " + M_" + linkNum + " * alpha_" + linkNum + " + b_" + linkNum);
                createEquation(currentLink, "V_" + linkNum + " == 0");
                createEquation(currentLink, "alpha_" + linkNum + " == a_" + linkNum);
            };

            // Create link-level constraints
            // Access poseZ from poseVec local variable (index 2 is z)
            poseVec = getVariable(currentLink, "poseVec");
            poseZ = poseVec[2];
            createBConstraint(currentLink, linkNum, poseZ, halfHeight);
            createTGeomConstraint(currentLink, linkNum, poseZ);
            createTOffsetConstraint(currentLink, linkNum, poseZ);
            createXTConstraint(currentLink, linkNum, parentHalfHeight);

            // Create link relation
            rl1: String = "B_" + linkNum + " == " + currentLink.name + " . B_" + linkNum;
            rl2: String = "V[" + (linkNum - 1) + "] == " + currentLink.name + " . V_" + linkNum;
            rl3: String = "a[" + (linkNum - 1) + "] == " + currentLink.name + " . a_" + linkNum;
            rl4: String = "b[" + (linkNum - 1) + "] == " + currentLink.name + " . b_" + linkNum;
            rl5: String = "alpha[" + (linkNum - 1) + "] == " + currentLink.name + " . alpha_" + linkNum;
            rl6: String = "submatrix(M)(" + (6 * (linkNum - 1)) + "," + (6 * (linkNum - 1)) + ",6,6) == " + currentLink.name + " . M_" + linkNum;
            rl7: String = "tau[" + (linkNum - 1) + "] == " + currentLink.name + " . tau_" + linkNum;
            // Link-level geom relation: L<k>_geom == geom_<k>1
            rl9: String = "L" + linkNum + "_geom == geom_" + linkNum + "1";
            linkRelation: String = rl1 + " /\\ " + rl2 + " /\\ " + rl3 + " /\\ " + rl4 + " /\\ " + rl5 + " /\\ " + rl6 + " /\\ " + rl7 + " /\\ " + rl9;

            if (linkNum < n) {
                rl8: String = "submatrix(H)(" + (linkNum - 1) + "," + (6 * (linkNum - 1)) + ",1,6) == " + currentLink.name + " . H_" + linkNum;
                linkRelation = linkRelation + " /\\ " + rl8;
            };
            createRelation(currentLink, linkRelation);

            // Flexi relation for non-terminal links
            if (linkNum < n) {
                flr1: String = "B_" + linkNum + " == " + currentLink.name + " . B_" + linkNum;
                flr2: String = "f_" + linkNum + " == " + currentLink.name + " . f_" + linkNum;
                flr3: String = "theta_" + linkNum + " == " + currentLink.name + " . theta_" + linkNum;
                flr4: String = "T_" + (linkNum + 1) + "_" + linkNum + " == " + currentLink.name + " . T_" + (linkNum + 1) + "_" + linkNum;
                flr5: String = "phi_" + (linkNum + 1) + "_" + linkNum + " == " + currentLink.name + " . phi_" + (linkNum + 1) + "_" + linkNum;
                flr6: String = "_V_" + (linkNum + 1) + " == " + currentLink.name + " . _V_" + (linkNum + 1);
                flr7: String = "H == " + currentLink.name + " . H_" + linkNum;
                flr8: String = "X_J_" + linkNum + " == " + currentLink.name + " . X_J_" + linkNum;
                flexiRelation: String = flr1 + " /\\ " + flr2 + " /\\ " + flr3 + " /\\ " + flr4 + " /\\ " + flr5 + " /\\ " + flr6 + " /\\ " + flr7 + " /\\ " + flr8;
                createFlexiRelation(currentLink, flexiRelation);
            };

            // Count controlled actuators
            numActuatorsInLink = length(currentLink.actuators);
            for (a: int in range(0, numActuatorsInLink, 1)) {
                currentActuator = currentLink.actuators[a];
                currentActuatorDef = currentActuator.def;
                hasB_ctrl = false;
                numConstLists = length(currentActuatorDef.constants);
                for (c: int in range(0, numConstLists, 1)) {
                    currentConstList = currentActuatorDef.constants[c];
                    numVars = length(currentConstList.vars);
                    for (v: int in range(0, numVars, 1)) {
                        currentVar = currentConstList.vars[v];
                        if (currentVar.name == "B_ctrl") {
                            hasB_ctrl = true;
                        };
                    };
                };
                if (hasB_ctrl) {
                    numControlledActuators = numControlledActuators + 1;
                };
            };

            // Update parent half height for next iteration (for X_T computation)
            parentHalfHeight = halfHeight;
        };

        // B_ctrl system variables if needed
        if (numControlledActuators > 0) {
            createB_ctrlSystemVariables(n - 1, numControlledActuators);
        };

        // ===== Step 4: System Equations =====
        // Phi equations
        createEquation(pmodel, "submatrix(phi)(0,0,3,3) == identity(3)");
        createEquation(pmodel, "submatrix(phi)(0,3,3,3) == zeroes(3)");
        createEquation(pmodel, "submatrix(phi)(0,6,3,3) == zeroes(3)");
        createEquation(pmodel, "submatrix(phi)(3,3,3,3) == identity(3)");
        createEquation(pmodel, "submatrix(phi)(3,6,3,3) == zeroes(3)");
        createEquation(pmodel, "submatrix(phi)(3,0,3,3) == Phi(2,1,B_k)");
        createEquation(pmodel, "submatrix(phi)(6,6,3,3) == identity(3)");
        createEquation(pmodel, "submatrix(phi)(6,0,3,3) == Phi(3,1,B_k)");
        createEquation(pmodel, "submatrix(phi)(6,3,3,3) == Phi(3,2,B_k)");

        // Aggregate equations
        createEquation(pmodel, "B_k == <B_1,B_2,B_3>");
        createEquation(pmodel, "X_T == <X_T_1,X_T_2,X_T_3>");
        createEquation(pmodel, "X_J == <X_J_1,X_J_2>");
        createEquation(pmodel, "T_geom == <T_geom_1,T_geom_2,T_geom_3>");
        createEquation(pmodel, "T_offset == <T_offset_1,T_offset_2,T_offset_3>");

        // SKO dynamics equations
        createEquation(pmodel, "V == adj(phi) * adj(H) * derivative(theta)");
        createEquation(pmodel, "alpha == adj(phi) * adj(H) * derivative(theta) + a");
        createEquation(pmodel, "f == phi * (M * alpha + b)");
        createEquation(pmodel, "tau == M_mass * derivative(derivative(theta)) + C");
        createEquation(pmodel, "M_mass == H * phi * M * adj(phi) * adj(H)");
        createEquation(pmodel, "C == H * phi(M * adj(phi) * a + b)");

        // Cascade equations for B_k
        createEquation(pmodel, "B_1 == B_3 * T_3_2 * T_2_1");
        createEquation(pmodel, "B_2 == B_3 * T_3_2");

        // N equation
        createEquation(pmodel, "N == r_v1 + r_v2");

        // System constraints with proper format
        createConstraint(pmodel, "(submatrix(M)(0,0,6,6))[t==0] == M_1");
        createConstraint(pmodel, "(submatrix(M)(6,6,6,6))[t==0] == M_2");
        createConstraint(pmodel, "(submatrix(M)(12,12,6,6))[t==0] == M_3");
        createConstraint(pmodel, "(submatrix(H)(0,0,1,6))[t==0] == H_1");
        createConstraint(pmodel, "(submatrix(H)(1,6,1,6))[t==0] == H_2");

        // B_ctrl equations if needed
        if (numControlledActuators > 0) {
            createB_ctrlEquation();
            actIdx = 0;
            for (idx: int in range(0, n, 1)) {
                currentLink = pmodel.links[idx];
                linkNum = getVariable(currentLink, "number");
                numActuatorsInLink = length(currentLink.actuators);
                for (a: int in range(0, numActuatorsInLink, 1)) {
                    currentActuator = currentLink.actuators[a];
                    currentActuatorDef = currentActuator.def;
                    hasB_ctrl = false;
                    numConstLists = length(currentActuatorDef.constants);
                    for (c: int in range(0, numConstLists, 1)) {
                        currentConstList = currentActuatorDef.constants[c];
                        numVars = length(currentConstList.vars);
                        for (v: int in range(0, numVars, 1)) {
                            currentVar = currentConstList.vars[v];
                            if (currentVar.name == "B_ctrl") {
                                hasB_ctrl = true;
                            };
                        };
                    };
                    if (hasB_ctrl) {
                        createB_ctrlConstraint(currentLink.name, currentActuator.name, linkNum - 1, actIdx);
                        actIdx = actIdx + 1;
                    };
                };
            };
        };
    }
}
