Solution arithmetic {
    state {
        a: int = 5;
        b: int = 10;
        c: float = 3.14;
        result1: int = 0;
        result2: float = 0.0;
        result3: bool = false;
    }
    computation {
        {result1 = a + b * 2 - 3;}
        {result2 = c / 2.0 + a * b;}
        {result3 = (a > b) == false;}
        {result3 = (a <= 5) != (b >= 10);}
        {result1 = -(a + b) * 2;}
        {result2 = (c + 1.0) / (a - 2);}
    }
}
